// !$*UTF8*$!
{
	archiveVersion = 1;
	classes = {
	};
	objectVersion = 46;
	objects = {

/* Begin PBXBuildFile section */
		8DA83CE61E6FC4ED00909119 /* AppDelegate.swift in Sources */ = {isa = PBXBuildFile; fileRef = 8DA83CE51E6FC4ED00909119 /* AppDelegate.swift */; };
		8DA83CE81E6FC4ED00909119 /* ViewController.swift in Sources */ = {isa = PBXBuildFile; fileRef = 8DA83CE71E6FC4ED00909119 /* ViewController.swift */; };
		8DA83CEB1E6FC4ED00909119 /* Main.storyboard in Resources */ = {isa = PBXBuildFile; fileRef = 8DA83CE91E6FC4ED00909119 /* Main.storyboard */; };
		8DA83CED1E6FC4ED00909119 /* Assets.xcassets in Resources */ = {isa = PBXBuildFile; fileRef = 8DA83CEC1E6FC4ED00909119 /* Assets.xcassets */; };
		8DA83CF01E6FC4ED00909119 /* LaunchScreen.storyboard in Resources */ = {isa = PBXBuildFile; fileRef = 8DA83CEE1E6FC4ED00909119 /* LaunchScreen.storyboard */; };
		8DA83D1C1E6FD30300909119 /* LoginViewController.swift in Sources */ = {isa = PBXBuildFile; fileRef = 8DA83D1B1E6FD30300909119 /* LoginViewController.swift */; };
		8DD4B2301E75FC2400E79077 /* Post.swift in Sources */ = {isa = PBXBuildFile; fileRef = 8DD4B22F1E75FC2400E79077 /* Post.swift */; };
		8DD4B2331E76003000E79077 /* HomeViewController.swift in Sources */ = {isa = PBXBuildFile; fileRef = 8DD4B2321E76003000E79077 /* HomeViewController.swift */; };
		8DD4B2351E7600CC00E79077 /* PostTableViewCell.swift in Sources */ = {isa = PBXBuildFile; fileRef = 8DD4B2341E7600CC00E79077 /* PostTableViewCell.swift */; };
		8DD4B2371E760B9A00E79077 /* ComposorViewController.swift in Sources */ = {isa = PBXBuildFile; fileRef = 8DD4B2361E760B9A00E79077 /* ComposorViewController.swift */; };
		B8EEBE936626276F48E5BD35 /* Pods_Instagram.framework in Frameworks */ = {isa = PBXBuildFile; fileRef = 30C9D337E7E559D57E331363 /* Pods_Instagram.framework */; };
/* End PBXBuildFile section */

/* Begin PBXFileReference section */
		30C9D337E7E559D57E331363 /* Pods_Instagram.framework */ = {isa = PBXFileReference; explicitFileType = wrapper.framework; includeInIndex = 0; path = Pods_Instagram.framework; sourceTree = BUILT_PRODUCTS_DIR; };
		6B22BB4F45FF9C01232BB46F /* Pods-Instagram.release.xcconfig */ = {isa = PBXFileReference; includeInIndex = 1; lastKnownFileType = text.xcconfig; name = "Pods-Instagram.release.xcconfig"; path = "Pods/Target Support Files/Pods-Instagram/Pods-Instagram.release.xcconfig"; sourceTree = "<group>"; };
		85422167CE4FA7518676EEC3 /* Pods-Instagram.debug.xcconfig */ = {isa = PBXFileReference; includeInIndex = 1; lastKnownFileType = text.xcconfig; name = "Pods-Instagram.debug.xcconfig"; path = "Pods/Target Support Files/Pods-Instagram/Pods-Instagram.debug.xcconfig"; sourceTree = "<group>"; };
		8DA83CE21E6FC4ED00909119 /* Instagram.app */ = {isa = PBXFileReference; explicitFileType = wrapper.application; includeInIndex = 0; path = Instagram.app; sourceTree = BUILT_PRODUCTS_DIR; };
		8DA83CE51E6FC4ED00909119 /* AppDelegate.swift */ = {isa = PBXFileReference; lastKnownFileType = sourcecode.swift; path = AppDelegate.swift; sourceTree = "<group>"; };
		8DA83CE71E6FC4ED00909119 /* ViewController.swift */ = {isa = PBXFileReference; lastKnownFileType = sourcecode.swift; path = ViewController.swift; sourceTree = "<group>"; };
		8DA83CEA1E6FC4ED00909119 /* Base */ = {isa = PBXFileReference; lastKnownFileType = file.storyboard; name = Base; path = Base.lproj/Main.storyboard; sourceTree = "<group>"; };
		8DA83CEC1E6FC4ED00909119 /* Assets.xcassets */ = {isa = PBXFileReference; lastKnownFileType = folder.assetcatalog; path = Assets.xcassets; sourceTree = "<group>"; };
		8DA83CEF1E6FC4ED00909119 /* Base */ = {isa = PBXFileReference; lastKnownFileType = file.storyboard; name = Base; path = Base.lproj/LaunchScreen.storyboard; sourceTree = "<group>"; };
		8DA83CF11E6FC4ED00909119 /* Info.plist */ = {isa = PBXFileReference; lastKnownFileType = text.plist.xml; path = Info.plist; sourceTree = "<group>"; };
		8DA83D1B1E6FD30300909119 /* LoginViewController.swift */ = {isa = PBXFileReference; fileEncoding = 4; lastKnownFileType = sourcecode.swift; path = LoginViewController.swift; sourceTree = "<group>"; };
		8DD4B22F1E75FC2400E79077 /* Post.swift */ = {isa = PBXFileReference; fileEncoding = 4; lastKnownFileType = sourcecode.swift; path = Post.swift; sourceTree = "<group>"; };
		8DD4B2321E76003000E79077 /* HomeViewController.swift */ = {isa = PBXFileReference; fileEncoding = 4; lastKnownFileType = sourcecode.swift; path = HomeViewController.swift; sourceTree = "<group>"; };
		8DD4B2341E7600CC00E79077 /* PostTableViewCell.swift */ = {isa = PBXFileReference; fileEncoding = 4; lastKnownFileType = sourcecode.swift; path = PostTableViewCell.swift; sourceTree = "<group>"; };
		8DD4B2361E760B9A00E79077 /* ComposorViewController.swift */ = {isa = PBXFileReference; fileEncoding = 4; lastKnownFileType = sourcecode.swift; path = ComposorViewController.swift; sourceTree = "<group>"; };
/* End PBXFileReference section */

/* Begin PBXFrameworksBuildPhase section */
		8DA83CDF1E6FC4ED00909119 /* Frameworks */ = {
			isa = PBXFrameworksBuildPhase;
			buildActionMask = 2147483647;
			files = (
				B8EEBE936626276F48E5BD35 /* Pods_Instagram.framework in Frameworks */,
			);
			runOnlyForDeploymentPostprocessing = 0;
		};
/* End PBXFrameworksBuildPhase section */

/* Begin PBXGroup section */
		3282AB1268E35B3D3D1535E1 /* Frameworks */ = {
			isa = PBXGroup;
			children = (
				30C9D337E7E559D57E331363 /* Pods_Instagram.framework */,
			);
			name = Frameworks;
			sourceTree = "<group>";
		};
		8DA83CD91E6FC4ED00909119 = {
			isa = PBXGroup;
			children = (
				8DA83CE41E6FC4ED00909119 /* Instagram */,
				8DA83CE31E6FC4ED00909119 /* Products */,
				B62A518E14ADB4F7B6DC45E1 /* Pods */,
				3282AB1268E35B3D3D1535E1 /* Frameworks */,
			);
			sourceTree = "<group>";
		};
		8DA83CE31E6FC4ED00909119 /* Products */ = {
			isa = PBXGroup;
			children = (
				8DA83CE21E6FC4ED00909119 /* Instagram.app */,
			);
			name = Products;
			sourceTree = "<group>";
		};
		8DA83CE41E6FC4ED00909119 /* Instagram */ = {
			isa = PBXGroup;
			children = (
				8DD4B2311E75FC3000E79077 /* Models */,
				8DD4B22E1E75FBF200E79077 /* ViewController */,
				8DD4B22D1E75FBE500E79077 /* views */,
				8DA83CE51E6FC4ED00909119 /* AppDelegate.swift */,
				8DA83CE91E6FC4ED00909119 /* Main.storyboard */,
				8DA83CEC1E6FC4ED00909119 /* Assets.xcassets */,
				8DA83CEE1E6FC4ED00909119 /* LaunchScreen.storyboard */,
				8DA83CF11E6FC4ED00909119 /* Info.plist */,
			);
			path = Instagram;
			sourceTree = "<group>";
		};
		8DD4B22D1E75FBE500E79077 /* views */ = {
			isa = PBXGroup;
			children = (
				8DD4B2341E7600CC00E79077 /* PostTableViewCell.swift */,
			);
			name = views;
			sourceTree = "<group>";
		};
		8DD4B22E1E75FBF200E79077 /* ViewController */ = {
			isa = PBXGroup;
			children = (
				8DA83CE71E6FC4ED00909119 /* ViewController.swift */,
				8DA83D1B1E6FD30300909119 /* LoginViewController.swift */,
				8DD4B2321E76003000E79077 /* HomeViewController.swift */,
				8DD4B2361E760B9A00E79077 /* ComposorViewController.swift */,
			);
			name = ViewController;
			sourceTree = "<group>";
		};
		8DD4B2311E75FC3000E79077 /* Models */ = {
			isa = PBXGroup;
			children = (
				8DD4B22F1E75FC2400E79077 /* Post.swift */,
			);
			name = Models;
			sourceTree = "<group>";
		};
		B62A518E14ADB4F7B6DC45E1 /* Pods */ = {
			isa = PBXGroup;
			children = (
				85422167CE4FA7518676EEC3 /* Pods-Instagram.debug.xcconfig */,
				6B22BB4F45FF9C01232BB46F /* Pods-Instagram.release.xcconfig */,
			);
			name = Pods;
			sourceTree = "<group>";
		};
/* End PBXGroup section */

/* Begin PBXNativeTarget section */
		8DA83CE11E6FC4ED00909119 /* Instagram */ = {
			isa = PBXNativeTarget;
			buildConfigurationList = 8DA83CF41E6FC4ED00909119 /* Build configuration list for PBXNativeTarget "Instagram" */;
			buildPhases = (
				892C084B269ADA4D870D06AC /* [CP] Check Pods Manifest.lock */,
				8DA83CDE1E6FC4ED00909119 /* Sources */,
				8DA83CDF1E6FC4ED00909119 /* Frameworks */,
				8DA83CE01E6FC4ED00909119 /* Resources */,
				B66CD86B58F9BFB7EB5443F7 /* [CP] Embed Pods Frameworks */,
				99FF76906E3F735B294A20DA /* [CP] Copy Pods Resources */,
			);
			buildRules = (
			);
			dependencies = (
			);
			name = Instagram;
			productName = Instagram;
			productReference = 8DA83CE21E6FC4ED00909119 /* Instagram.app */;
			productType = "com.apple.product-type.application";
		};
/* End PBXNativeTarget section */

/* Begin PBXProject section */
		8DA83CDA1E6FC4ED00909119 /* Project object */ = {
			isa = PBXProject;
			attributes = {
				LastSwiftUpdateCheck = 0820;
				LastUpgradeCheck = 0820;
				ORGANIZATIONNAME = SongYuda;
				TargetAttributes = {
					8DA83CE11E6FC4ED00909119 = {
						CreatedOnToolsVersion = 8.2;
						DevelopmentTeam = 2Z3RVPUMTU;
						ProvisioningStyle = Automatic;
					};
				};
			};
			buildConfigurationList = 8DA83CDD1E6FC4ED00909119 /* Build configuration list for PBXProject "Instagram" */;
			compatibilityVersion = "Xcode 3.2";
			developmentRegion = English;
			hasScannedForEncodings = 0;
			knownRegions = (
				en,
				Base,
			);
			mainGroup = 8DA83CD91E6FC4ED00909119;
			productRefGroup = 8DA83CE31E6FC4ED00909119 /* Products */;
			projectDirPath = "";
			projectRoot = "";
			targets = (
				8DA83CE11E6FC4ED00909119 /* Instagram */,
			);
		};
/* End PBXProject section */

/* Begin PBXResourcesBuildPhase section */
		8DA83CE01E6FC4ED00909119 /* Resources */ = {
			isa = PBXResourcesBuildPhase;
			buildActionMask = 2147483647;
			files = (
				8DA83CF01E6FC4ED00909119 /* LaunchScreen.storyboard in Resources */,
				8DA83CED1E6FC4ED00909119 /* Assets.xcassets in Resources */,
				8DA83CEB1E6FC4ED00909119 /* Main.storyboard in Resources */,
			);
			runOnlyForDeploymentPostprocessing = 0;
		};
/* End PBXResourcesBuildPhase section */

/* Begin PBXShellScriptBuildPhase section */
		892C084B269ADA4D870D06AC /* [CP] Check Pods Manifest.lock */ = {
			isa = PBXShellScriptBuildPhase;
			buildActionMask = 2147483647;
			files = (
			);
			inputPaths = (
			);
			name = "[CP] Check Pods Manifest.lock";
			outputPaths = (
			);
			runOnlyForDeploymentPostprocessing = 0;
			shellPath = /bin/sh;
			shellScript = "diff \"${PODS_ROOT}/../Podfile.lock\" \"${PODS_ROOT}/Manifest.lock\" > /dev/null\nif [ $? != 0 ] ; then\n    # print error to STDERR\n    echo \"error: The sandbox is not in sync with the Podfile.lock. Run 'pod install' or update your CocoaPods installation.\" >&2\n    exit 1\nfi\n";
			showEnvVarsInLog = 0;
		};
		99FF76906E3F735B294A20DA /* [CP] Copy Pods Resources */ = {
			isa = PBXShellScriptBuildPhase;
			buildActionMask = 2147483647;
			files = (
			);
			inputPaths = (
			);
			name = "[CP] Copy Pods Resources";
			outputPaths = (
			);
			runOnlyForDeploymentPostprocessing = 0;
			shellPath = /bin/sh;
			shellScript = "\"${SRCROOT}/Pods/Target Support Files/Pods-Instagram/Pods-Instagram-resources.sh\"\n";
			showEnvVarsInLog = 0;
		};
		B66CD86B58F9BFB7EB5443F7 /* [CP] Embed Pods Frameworks */ = {
			isa = PBXShellScriptBuildPhase;
			buildActionMask = 2147483647;
			files = (
			);
			inputPaths = (
			);
			name = "[CP] Embed Pods Frameworks";
			outputPaths = (
			);
			runOnlyForDeploymentPostprocessing = 0;
			shellPath = /bin/sh;
			shellScript = "\"${SRCROOT}/Pods/Target Support Files/Pods-Instagram/Pods-Instagram-frameworks.sh\"\n";
			showEnvVarsInLog = 0;
		};
/* End PBXShellScriptBuildPhase section */

/* Begin PBXSourcesBuildPhase section */
		8DA83CDE1E6FC4ED00909119 /* Sources */ = {
			isa = PBXSourcesBuildPhase;
			buildActionMask = 2147483647;
			files = (
				8DD4B2331E76003000E79077 /* HomeViewController.swift in Sources */,
				8DA83D1C1E6FD30300909119 /* LoginViewController.swift in Sources */,
				8DA83CE81E6FC4ED00909119 /* ViewController.swift in Sources */,
				8DA83CE61E6FC4ED00909119 /* AppDelegate.swift in Sources */,
				8DD4B2301E75FC2400E79077 /* Post.swift in Sources */,
				8DD4B2351E7600CC00E79077 /* PostTableViewCell.swift in Sources */,
				8DD4B2371E760B9A00E79077 /* ComposorViewController.swift in Sources */,
			);
			runOnlyForDeploymentPostprocessing = 0;
		};
/* End PBXSourcesBuildPhase section */

/* Begin PBXVariantGroup section */
		8DA83CE91E6FC4ED00909119 /* Main.storyboard */ = {
			isa = PBXVariantGroup;
			children = (
				8DA83CEA1E6FC4ED00909119 /* Base */,
			);
			name = Main.storyboard;
			sourceTree = "<group>";
		};
		8DA83CEE1E6FC4ED00909119 /* LaunchScreen.storyboard */ = {
			isa = PBXVariantGroup;
			children = (
				8DA83CEF1E6FC4ED00909119 /* Base */,
			);
			name = LaunchScreen.storyboard;
			sourceTree = "<group>";
		};
/* End PBXVariantGroup section */

/* Begin XCBuildConfiguration section */
		8DA83CF21E6FC4ED00909119 /* Debug */ = {
			isa = XCBuildConfiguration;
			buildSettings = {
				ALWAYS_SEARCH_USER_PATHS = NO;
				CLANG_ANALYZER_NONNULL = YES;
				CLANG_CXX_LANGUAGE_STANDARD = "gnu++0x";
				CLANG_CXX_LIBRARY = "libc++";
				CLANG_ENABLE_MODULES = YES;
				CLANG_ENABLE_OBJC_ARC = YES;
				CLANG_WARN_BOOL_CONVERSION = YES;
				CLANG_WARN_CONSTANT_CONVERSION = YES;
				CLANG_WARN_DIRECT_OBJC_ISA_USAGE = YES_ERROR;
				CLANG_WARN_DOCUMENTATION_COMMENTS = YES;
				CLANG_WARN_EMPTY_BODY = YES;
				CLANG_WARN_ENUM_CONVERSION = YES;
				CLANG_WARN_INFINITE_RECURSION = YES;
				CLANG_WARN_INT_CONVERSION = YES;
				CLANG_WARN_OBJC_ROOT_CLASS = YES_ERROR;
				CLANG_WARN_SUSPICIOUS_MOVE = YES;
				CLANG_WARN_UNREACHABLE_CODE = YES;
				CLANG_WARN__DUPLICATE_METHOD_MATCH = YES;
				"CODE_SIGN_IDENTITY[sdk=iphoneos*]" = "iPhone Developer";
				COPY_PHASE_STRIP = NO;
				DEBUG_INFORMATION_FORMAT = dwarf;
				ENABLE_STRICT_OBJC_MSGSEND = YES;
				ENABLE_TESTABILITY = YES;
				GCC_C_LANGUAGE_STANDARD = gnu99;
				GCC_DYNAMIC_NO_PIC = NO;
				GCC_NO_COMMON_BLOCKS = YES;
				GCC_OPTIMIZATION_LEVEL = 0;
				GCC_PREPROCESSOR_DEFINITIONS = (
					"DEBUG=1",
					"$(inherited)",
				);
				GCC_WARN_64_TO_32_BIT_CONVERSION = YES;
				GCC_WARN_ABOUT_RETURN_TYPE = YES_ERROR;
				GCC_WARN_UNDECLARED_SELECTOR = YES;
				GCC_WARN_UNINITIALIZED_AUTOS = YES_AGGRESSIVE;
				GCC_WARN_UNUSED_FUNCTION = YES;
				GCC_WARN_UNUSED_VARIABLE = YES;
				IPHONEOS_DEPLOYMENT_TARGET = 10.2;
				MTL_ENABLE_DEBUG_INFO = YES;
				ONLY_ACTIVE_ARCH = YES;
				SDKROOT = iphoneos;
				SWIFT_ACTIVE_COMPILATION_CONDITIONS = DEBUG;
				SWIFT_OPTIMIZATION_LEVEL = "-Onone";
			};
			name = Debug;
		};
		8DA83CF31E6FC4ED00909119 /* Release */ = {
			isa = XCBuildConfiguration;
			buildSettings = {
				ALWAYS_SEARCH_USER_PATHS = NO;
				CLANG_ANALYZER_NONNULL = YES;
				CLANG_CXX_LANGUAGE_STANDARD = "gnu++0x";
				CLANG_CXX_LIBRARY = "libc++";
				CLANG_ENABLE_MODULES = YES;
				CLANG_ENABLE_OBJC_ARC = YES;
				CLANG_WARN_BOOL_CONVERSION = YES;
				CLANG_WARN_CONSTANT_CONVERSION = YES;
				CLANG_WARN_DIRECT_OBJC_ISA_USAGE = YES_ERROR;
				CLANG_WARN_DOCUMENTATION_COMMENTS = YES;
				CLANG_WARN_EMPTY_BODY = YES;
				CLANG_WARN_ENUM_CONVERSION = YES;
				CLANG_WARN_INFINITE_RECURSION = YES;
				CLANG_WARN_INT_CONVERSION = YES;
				CLANG_WARN_OBJC_ROOT_CLASS = YES_ERROR;
				CLANG_WARN_SUSPICIOUS_MOVE = YES;
				CLANG_WARN_UNREACHABLE_CODE = YES;
				CLANG_WARN__DUPLICATE_METHOD_MATCH = YES;
				"CODE_SIGN_IDENTITY[sdk=iphoneos*]" = "iPhone Developer";
				COPY_PHASE_STRIP = NO;
				DEBUG_INFORMATION_FORMAT = "dwarf-with-dsym";
				ENABLE_NS_ASSERTIONS = NO;
				ENABLE_STRICT_OBJC_MSGSEND = YES;
				GCC_C_LANGUAGE_STANDARD = gnu99;
				GCC_NO_COMMON_BLOCKS = YES;
				GCC_WARN_64_TO_32_BIT_CONVERSION = YES;
				GCC_WARN_ABOUT_RETURN_TYPE = YES_ERROR;
				GCC_WARN_UNDECLARED_SELECTOR = YES;
				GCC_WARN_UNINITIALIZED_AUTOS = YES_AGGRESSIVE;
				GCC_WARN_UNUSED_FUNCTION = YES;
				GCC_WARN_UNUSED_VARIABLE = YES;
				IPHONEOS_DEPLOYMENT_TARGET = 10.2;
				MTL_ENABLE_DEBUG_INFO = NO;
				SDKROOT = iphoneos;
				SWIFT_OPTIMIZATION_LEVEL = "-Owholemodule";
				VALIDATE_PRODUCT = YES;
			};
			name = Release;
		};
		8DA83CF51E6FC4ED00909119 /* Debug */ = {
			isa = XCBuildConfiguration;
			baseConfigurationReference = 85422167CE4FA7518676EEC3 /* Pods-Instagram.debug.xcconfig */;
			buildSettings = {
				ASSETCATALOG_COMPILER_APPICON_NAME = AppIcon;
				DEVELOPMENT_TEAM = 2Z3RVPUMTU;
				INFOPLIST_FILE = Instagram/Info.plist;
				LD_RUNPATH_SEARCH_PATHS = "$(inherited) @executable_path/Frameworks";
				PRODUCT_BUNDLE_IDENTIFIER = GajeelSF.Instagram;
				PRODUCT_NAME = "$(TARGET_NAME)";
				SWIFT_VERSION = 3.0;
			};
			name = Debug;
		};
		8DA83CF61E6FC4ED00909119 /* Release */ = {
			isa = XCBuildConfiguration;
			baseConfigurationReference = 6B22BB4F45FF9C01232BB46F /* Pods-Instagram.release.xcconfig */;
			buildSettings = {
				ASSETCATALOG_COMPILER_APPICON_NAME = AppIcon;
				DEVELOPMENT_TEAM = 2Z3RVPUMTU;
				INFOPLIST_FILE = Instagram/Info.plist;
				LD_RUNPATH_SEARCH_PATHS = "$(inherited) @executable_path/Frameworks";
				PRODUCT_BUNDLE_IDENTIFIER = GajeelSF.Instagram;
				PRODUCT_NAME = "$(TARGET_NAME)";
				SWIFT_VERSION = 3.0;
			};
			name = Release;
		};
/* End XCBuildConfiguration section */

/* Begin XCConfigurationList section */
		8DA83CDD1E6FC4ED00909119 /* Build configuration list for PBXProject "Instagram" */ = {
			isa = XCConfigurationList;
			buildConfigurations = (
				8DA83CF21E6FC4ED00909119 /* Debug */,
				8DA83CF31E6FC4ED00909119 /* Release */,
			);
			defaultConfigurationIsVisible = 0;
			defaultConfigurationName = Release;
		};
		8DA83CF41E6FC4ED00909119 /* Build configuration list for PBXNativeTarget "Instagram" */ = {
			isa = XCConfigurationList;
			buildConfigurations = (
				8DA83CF51E6FC4ED00909119 /* Debug */,
				8DA83CF61E6FC4ED00909119 /* Release */,
			);
			defaultConfigurationIsVisible = 0;
			defaultConfigurationName = Release;
		};
/* End XCConfigurationList section */
	};
	rootObject = 8DA83CDA1E6FC4ED00909119 /* Project object */;
}
